
Microsoft Visual Studio Solution File, Format Version 12.00
# Visual Studio 15
VisualStudioVersion = 15.0.28307.572
MinimumVisualStudioVersion = 10.0.40219.1
Project("{FAE04EC0-301F-11D3-BF4B-00C04F79EFBC}") = "Telephone", "WindowsFormsApp1\Telephone.csproj", "{D3DA759B-A469-47FB-8F0E-FF60FC4D458A}"
EndProject
Global
	GlobalSection(SolutionConfigurationPlatforms) = preSolution
		Debug|Any CPU = Debug|Any CPU
		Release|Any CPU = Release|Any CPU
	EndGlobalSection
	GlobalSection(ProjectConfigurationPlatforms) = postSolution
		{D3DA759B-A469-47FB-8F0E-FF60FC4D458A}.Debug|Any CPU.ActiveCfg = Debug|Any CPU
		{D3DA759B-A469-47FB-8F0E-FF60FC4D458A}.Debug|Any CPU.Build.0 = Debug|Any CPU
		{D3DA759B-A469-47FB-8F0E-FF60FC4D458A}.Release|Any CPU.ActiveCfg = Release|Any CPU
		{D3DA759B-A469-47FB-8F0E-FF60FC4D458A}.Release|Any CPU.Build.0 = Release|Any CPU
	EndGlobalSection
	GlobalSection(SolutionProperties) = preSolution
		HideSolutionNode = FALSE
	EndGlobalSection
	GlobalSection(ExtensibilityGlobals) = postSolution
		SolutionGuid = {3D3DFC03-140F-4436-8620-93E5E1175760}
	EndGlobalSection
EndGlobal
